
Microsoft Visual Studio Solution File, Format Version 12.00
# Visual Studio Version 16
VisualStudioVersion = 16.0.29613.14
MinimumVisualStudioVersion = 10.0.40219.1
Project("{FAE04EC0-301F-11D3-BF4B-00C04F79EFBC}") = "BPDTS.Automation.Assessment", "BPDTS.Automation.Assessment\BPDTS.Automation.Assessment.csproj", "{1486F877-A8D7-45BC-9EC2-C7A3DBA9952B}"
EndProject
Global
	GlobalSection(SolutionConfigurationPlatforms) = preSolution
		Debug|Any CPU = Debug|Any CPU
		Release|Any CPU = Release|Any CPU
	EndGlobalSection
	GlobalSection(ProjectConfigurationPlatforms) = postSolution
		{1486F877-A8D7-45BC-9EC2-C7A3DBA9952B}.Debug|Any CPU.ActiveCfg = Debug|Any CPU
		{1486F877-A8D7-45BC-9EC2-C7A3DBA9952B}.Debug|Any CPU.Build.0 = Debug|Any CPU
		{1486F877-A8D7-45BC-9EC2-C7A3DBA9952B}.Release|Any CPU.ActiveCfg = Release|Any CPU
		{1486F877-A8D7-45BC-9EC2-C7A3DBA9952B}.Release|Any CPU.Build.0 = Release|Any CPU
	EndGlobalSection
	GlobalSection(SolutionProperties) = preSolution
		HideSolutionNode = FALSE
	EndGlobalSection
	GlobalSection(ExtensibilityGlobals) = postSolution
		SolutionGuid = {1984023D-3393-4E40-991A-8B636C055B09}
	EndGlobalSection
EndGlobal
